
Microsoft Visual Studio Solution File, Format Version 12.00
# Visual Studio Version 17
VisualStudioVersion = 17.14.36301.6
MinimumVisualStudioVersion = 10.0.40219.1
Project("{FAE04EC0-301F-11D3-BF4B-00C04F79EFBC}") = "TicketCode", "TicketCode\TicketCode.csproj", "{3C20BCD5-EC90-49FA-ACB6-CF60746F8FC0}"
EndProject
Project("{2150E333-8FDC-42A3-9474-1A3956D46DE8}") = "LIBRARY", "LIBRARY", "{50A17DA1-3556-4046-CEDC-33EB466D9C32}"
EndProject
Project("{2150E333-8FDC-42A3-9474-1A3956D46DE8}") = "TEST", "TEST", "{0C88DD14-F956-CE84-757C-A364CCF449FC}"
EndProject
Project("{FAE04EC0-301F-11D3-BF4B-00C04F79EFBC}") = "TicketCode.App", "TicketCode.App\TicketCode.App.csproj", "{C8E9D5F9-F6AF-4F1F-A02E-F46F9EB99E69}"
EndProject
Global
	GlobalSection(SolutionConfigurationPlatforms) = preSolution
		Debug|Any CPU = Debug|Any CPU
		Release|Any CPU = Release|Any CPU
	EndGlobalSection
	GlobalSection(ProjectConfigurationPlatforms) = postSolution
		{3C20BCD5-EC90-49FA-ACB6-CF60746F8FC0}.Debug|Any CPU.ActiveCfg = Debug|Any CPU
		{3C20BCD5-EC90-49FA-ACB6-CF60746F8FC0}.Debug|Any CPU.Build.0 = Debug|Any CPU
		{3C20BCD5-EC90-49FA-ACB6-CF60746F8FC0}.Release|Any CPU.ActiveCfg = Release|Any CPU
		{3C20BCD5-EC90-49FA-ACB6-CF60746F8FC0}.Release|Any CPU.Build.0 = Release|Any CPU
		{C8E9D5F9-F6AF-4F1F-A02E-F46F9EB99E69}.Debug|Any CPU.ActiveCfg = Debug|Any CPU
		{C8E9D5F9-F6AF-4F1F-A02E-F46F9EB99E69}.Debug|Any CPU.Build.0 = Debug|Any CPU
		{C8E9D5F9-F6AF-4F1F-A02E-F46F9EB99E69}.Release|Any CPU.ActiveCfg = Release|Any CPU
		{C8E9D5F9-F6AF-4F1F-A02E-F46F9EB99E69}.Release|Any CPU.Build.0 = Release|Any CPU
	EndGlobalSection
	GlobalSection(SolutionProperties) = preSolution
		HideSolutionNode = FALSE
	EndGlobalSection
	GlobalSection(NestedProjects) = preSolution
		{3C20BCD5-EC90-49FA-ACB6-CF60746F8FC0} = {50A17DA1-3556-4046-CEDC-33EB466D9C32}
		{C8E9D5F9-F6AF-4F1F-A02E-F46F9EB99E69} = {0C88DD14-F956-CE84-757C-A364CCF449FC}
	EndGlobalSection
	GlobalSection(ExtensibilityGlobals) = postSolution
		SolutionGuid = {53AD8EF4-5F12-4BF5-9396-493A3E1F5D84}
	EndGlobalSection
EndGlobal
